
Microsoft Visual Studio Solution File, Format Version 12.00
# Visual Studio Version 17
VisualStudioVersion = 17.14.36623.8 d17.14
MinimumVisualStudioVersion = 10.0.40219.1
Project("{FAE04EC0-301F-11D3-BF4B-00C04F79EFBC}") = "gaming hub", "gaming hub\gaming hub.csproj", "{B0B3FEBF-60A0-439E-89D3-579BCC62FC9E}"
EndProject
Global
	GlobalSection(SolutionConfigurationPlatforms) = preSolution
		Debug|Any CPU = Debug|Any CPU
		Release|Any CPU = Release|Any CPU
	EndGlobalSection
	GlobalSection(ProjectConfigurationPlatforms) = postSolution
		{B0B3FEBF-60A0-439E-89D3-579BCC62FC9E}.Debug|Any CPU.ActiveCfg = Debug|Any CPU
		{B0B3FEBF-60A0-439E-89D3-579BCC62FC9E}.Debug|Any CPU.Build.0 = Debug|Any CPU
		{B0B3FEBF-60A0-439E-89D3-579BCC62FC9E}.Debug|Any CPU.Deploy.0 = Debug|Any CPU
		{B0B3FEBF-60A0-439E-89D3-579BCC62FC9E}.Release|Any CPU.ActiveCfg = Release|Any CPU
		{B0B3FEBF-60A0-439E-89D3-579BCC62FC9E}.Release|Any CPU.Build.0 = Release|Any CPU
		{B0B3FEBF-60A0-439E-89D3-579BCC62FC9E}.Release|Any CPU.Deploy.0 = Release|Any CPU
	EndGlobalSection
	GlobalSection(SolutionProperties) = preSolution
		HideSolutionNode = FALSE
	EndGlobalSection
	GlobalSection(ExtensibilityGlobals) = postSolution
		SolutionGuid = {B3690534-FD1D-48F2-8153-1F10F94CF870}
	EndGlobalSection
EndGlobal
